
Microsoft Visual Studio Solution File, Format Version 12.00
# Visual Studio Version 16
VisualStudioVersion = 16.0.29911.84
MinimumVisualStudioVersion = 10.0.40219.1
Project("{9A19103F-16F7-4668-BE54-9A1E7A4F7556}") = "ShimDBA", "ShimDBA\ShimDBA.csproj", "{0BFD728F-1A3B-45EE-940E-B675959AC7AA}"
EndProject
Global
	GlobalSection(SolutionConfigurationPlatforms) = preSolution
		Debug|Any CPU = Debug|Any CPU
		Release|Any CPU = Release|Any CPU
	EndGlobalSection
	GlobalSection(ProjectConfigurationPlatforms) = postSolution
		{0BFD728F-1A3B-45EE-940E-B675959AC7AA}.Debug|Any CPU.ActiveCfg = Debug|Any CPU
		{0BFD728F-1A3B-45EE-940E-B675959AC7AA}.Debug|Any CPU.Build.0 = Debug|Any CPU
		{0BFD728F-1A3B-45EE-940E-B675959AC7AA}.Release|Any CPU.ActiveCfg = Release|Any CPU
		{0BFD728F-1A3B-45EE-940E-B675959AC7AA}.Release|Any CPU.Build.0 = Release|Any CPU
	EndGlobalSection
	GlobalSection(SolutionProperties) = preSolution
		HideSolutionNode = FALSE
	EndGlobalSection
	GlobalSection(ExtensibilityGlobals) = postSolution
		SolutionGuid = {35E67841-8D0C-48FB-AEEE-F6C569E777C2}
	EndGlobalSection
EndGlobal
